
Microsoft Visual Studio Solution File, Format Version 12.00
# Visual Studio 15
VisualStudioVersion = 15.0.28010.2019
MinimumVisualStudioVersion = 10.0.40219.1
Project("{FAE04EC0-301F-11D3-BF4B-00C04F79EFBC}") = "HeroVirtualTabletop", "HeroVirtualTabletop.csproj", "{13CC2950-5A39-4E13-866C-8ACAFED0BBCD}"
EndProject
Project("{FAE04EC0-301F-11D3-BF4B-00C04F79EFBC}") = "HeroUI", "..\HeroUI\HeroUI.csproj", "{4C2A566B-9AAA-4EBA-AD37-8FFF48532C24}"
EndProject
Global
	GlobalSection(SolutionConfigurationPlatforms) = preSolution
		Debug|Any CPU = Debug|Any CPU
		Release|Any CPU = Release|Any CPU
	EndGlobalSection
	GlobalSection(ProjectConfigurationPlatforms) = postSolution
		{13CC2950-5A39-4E13-866C-8ACAFED0BBCD}.Debug|Any CPU.ActiveCfg = Debug|Any CPU
		{13CC2950-5A39-4E13-866C-8ACAFED0BBCD}.Debug|Any CPU.Build.0 = Debug|Any CPU
		{13CC2950-5A39-4E13-866C-8ACAFED0BBCD}.Release|Any CPU.ActiveCfg = Release|Any CPU
		{13CC2950-5A39-4E13-866C-8ACAFED0BBCD}.Release|Any CPU.Build.0 = Release|Any CPU
		{4C2A566B-9AAA-4EBA-AD37-8FFF48532C24}.Debug|Any CPU.ActiveCfg = Debug|Any CPU
		{4C2A566B-9AAA-4EBA-AD37-8FFF48532C24}.Debug|Any CPU.Build.0 = Debug|Any CPU
		{4C2A566B-9AAA-4EBA-AD37-8FFF48532C24}.Release|Any CPU.ActiveCfg = Release|Any CPU
		{4C2A566B-9AAA-4EBA-AD37-8FFF48532C24}.Release|Any CPU.Build.0 = Release|Any CPU
	EndGlobalSection
	GlobalSection(SolutionProperties) = preSolution
		HideSolutionNode = FALSE
	EndGlobalSection
	GlobalSection(ExtensibilityGlobals) = postSolution
		SolutionGuid = {FC042BA8-4206-436B-AAAA-CBB8AB06FDB0}
	EndGlobalSection
EndGlobal
